# This file is autogenerated, do not edit; changes may be undone by the next 'dep ensure'.


[[projects]]
  branch = "master"
  name = "git.containerum.net/ch/json-types"
  packages = ["user-manager"]
  revision = "041a989c67953d829255c2fb10985b9bc1b25e51"

[[projects]]
  name = "git.containerum.net/ch/kube-client"
  packages = [
    "pkg/cherry",
    "pkg/cherry/adaptors/cherrylog",
    "pkg/cherry/adaptors/gonic"
  ]
  revision = "7ccb027698fdd902e09da3586337afaf4cc3bad9"
  version = "v0.9.4"

[[projects]]
  branch = "master"
  name = "git.containerum.net/ch/utils"
  packages = ["httputil"]
  revision = "2d19ad6be22f3bc788bd049bacd91f0cacf5471e"

[[projects]]
  branch = "master"
  name = "github.com/gin-contrib/sse"
  packages = ["."]
  revision = "22d885f9ecc78bf4ee5d72b937e4bbcdc58e8cae"

[[projects]]
  branch = "master"
  name = "github.com/gin-gonic/contrib"
  packages = ["ginrus"]
  revision = "9b830a15f6abcf9e160f47ee01fc00691cc1981a"

[[projects]]
  name = "github.com/gin-gonic/gin"
  packages = [
    ".",
    "binding",
    "render"
  ]
  revision = "d459835d2b077e44f7c9b453505ee29881d5d12d"
  version = "v1.2"

[[projects]]
  name = "github.com/go-pg/migrations"
  packages = ["."]
  revision = "91a824bb86a910befc819700ec6e21858c41b022"
  version = "v6.2.0"

[[projects]]
  name = "github.com/go-pg/pg"
  packages = [
    ".",
    "internal",
    "internal/parser",
    "internal/pool",
    "orm",
    "types"
  ]
  revision = "5b73ce88484575f3480edf393237f6bf79d5f166"
  version = "v6.11.2"

[[projects]]
  name = "github.com/go-playground/locales"
  packages = [
    ".",
    "currency",
    "en",
    "en_US"
  ]
  revision = "f63010822830b6fe52288ee52d5a1151088ce039"
  version = "v0.12.1"

[[projects]]
  name = "github.com/go-playground/universal-translator"
  packages = ["."]
  revision = "b32fa301c9fe55953584134cb6853a13c87ec0a1"
  version = "v0.16.0"

[[projects]]
  name = "github.com/golang/protobuf"
  packages = ["proto"]
  revision = "925541529c1fa6821df4e44ce2723319eb2be768"
  version = "v1.0.0"

[[projects]]
  branch = "master"
  name = "github.com/jinzhu/inflection"
  packages = ["."]
  revision = "04140366298a54a039076d798123ffa108fff46c"

[[projects]]
  name = "github.com/mattn/go-isatty"
  packages = ["."]
  revision = "0360b2af4f38e8d38c7fce2a9f4e702702d73a39"
  version = "v0.0.3"

[[projects]]
  name = "github.com/sirupsen/logrus"
  packages = ["."]
  revision = "c155da19408a8799da419ed3eeb0cb5db0ad5dbc"
  version = "v1.0.5"

[[projects]]
  name = "github.com/ugorji/go"
  packages = ["codec"]
  revision = "b4c50a2b199d93b13dc15e78929cfb23bfdf21ab"
  version = "v1.1.1"

[[projects]]
  branch = "master"
  name = "golang.org/x/crypto"
  packages = ["ssh/terminal"]
  revision = "d6449816ce06963d9d136eee5a56fca5b0616e7e"

[[projects]]
  branch = "master"
  name = "golang.org/x/sys"
  packages = [
    "unix",
    "windows"
  ]
  revision = "a2a45943ae67364d56c5d7d62dee78cff16c8dc8"

[[projects]]
  name = "gopkg.in/go-playground/validator.v8"
  packages = ["."]
  revision = "5f1438d3fca68893a817e4a66806cea46a9e4ebf"
  version = "v8.18.2"

[[projects]]
  name = "gopkg.in/go-playground/validator.v9"
  packages = [
    ".",
    "translations/en"
  ]
  revision = "1b8c8e19cd250435025214492d9a08411d760fdd"
  version = "v9.12.0"

[[projects]]
  name = "gopkg.in/yaml.v2"
  packages = ["."]
  revision = "5420a8b6744d3b0345ab293f6fcba19c978f1183"
  version = "v2.2.1"

[solve-meta]
  analyzer-name = "dep"
  analyzer-version = 1
  inputs-digest = "85dd336a4bc80496d648c71163633bab5acc5545f18c7a0045cb397536df060d"
  solver-name = "gps-cdcl"
  solver-version = 1
